{
  "name": "chatgptree-messageboard",
  "version": "1.0.0",
  "lockfileVersion": 3,
  "requires": true,
  "packages": {
    "": {
      "name": "chatgptree-messageboard",
      "version": "1.0.0",
      "dependencies": {
        "@octokit/rest": "19.0.7",
        "node-fetch": "2.6.1"
      }
    },
    "node_modules/@octokit/auth-token": {
      "version": "4.0.0",
      "resolved": "https://registry.npmjs.org/@octokit/auth-token/-/auth-token-4.0.0.tgz",
      "integrity": "sha512-tYtfEsnsZPx56V5DQdywrvPSXYIzNJ7QUgMdemuT+uq8gc11YJhGKYMLtzXc/kEbAMzQhVh7/MQcJKwKHvLaXg==",
      "engines": {
        "node": ">= 18"
      }
    },
    "node_modules/@octokit/core": {
      "version": "5.0.1",
      "resolved": "https://registry.npmjs.org/@octokit/core/-/core-5.0.1.tgz",
      "integrity": "sha512-lyeeeZyESFo+ffI801SaBKmCfsvarO+dgV8/0gD8u1d87clbEdWsP5yC+dSj3zLhb2eIf5SJrn6vDz9AheETHw==",
      "dependencies": {
        "@octokit/auth-token": "^4.0.0",
        "@octokit/graphql": "^7.0.0",
        "@octokit/request": "^8.0.2",
        "@octokit/request-error": "^5.0.0",
        "@octokit/types": "^12.0.0",
        "before-after-hook": "^2.2.0",
        "universal-user-agent": "^6.0.0"
      },
      "engines": {
        "node": ">= 18"
      }
    },
    "node_modules/@octokit/endpoint": {
      "version": "9.0.2",
      "resolved": "https://registry.npmjs.org/@octokit/endpoint/-/endpoint-9.0.2.tgz",
      "integrity": "sha512-qhKW8YLIi+Kmc92FQUFGr++DYtkx/LyO31kW92dYHqdzxoYOxb5JfxtpH947DyLhh0sEHLOs6cANgLyEQm7Ew==",
      "dependencies": {
        "@octokit/types": "^12.0.0",
        "universal-user-agent": "^6.0.0"
      },
      "engines": {
        "node": ">= 18"
      }
    },
    "node_modules/@octokit/graphql": {
      "version": "7.0.2",
      "resolved": "https://registry.npmjs.org/@octokit/graphql/-/graphql-7.0.2.tgz",
      "integrity": "sha512-OJ2iGMtj5Tg3s6RaXH22cJcxXRi7Y3EBqbHTBRq+PQmes9kLpBEvinmrHC5R1aAZxdgmgmJ48wiRgR9dLArWpQ==",
      "dependencies": {
        "@octokit/request": "^8.0.1",
        "@octokit/types": "^12.0.0",
        "universal-user-agent": "^6.0.0"
      },
      "engines": {
        "node": ">= 18"
      }
    },
    "node_modules/@octokit/openapi-types": {
      "version": "19.0.0",
      "resolved": "https://registry.npmjs.org/@octokit/openapi-types/-/openapi-types-19.0.0.tgz",
      "integrity": "sha512-PclQ6JGMTE9iUStpzMkwKkrpxn/KZaYTyLrMoRyZzrWdzXRfE6cWTrMSqHiE2/gbOM+mM6Lc/qPmkMt5QKQlA=="
    },
    "node_modules/@octokit/plugin-paginate-rest": {
      "version": "9.0.0",
      "resolved": "https://registry.npmjs.org/@octokit/plugin-paginate-rest/-/plugin-paginate-rest-9.0.0.tgz",
      "integrity": "sha512-oIJzCpttmBTlEhBmRvqTbUXKTxorJUGjzKrjVQDXGh6h4Uj8wYGjr0RwgiyWhsE1JNg4VvHlbHCvr5v4p4HQhg==",
      "dependencies": {
        "@octokit/types": "^12.0.0"
      },
      "engines": {
        "node": ">= 18"
      },
      "peerDependencies": {
        "@octokit/core": ">=5"
      }
    },
    "node_modules/@octokit/plugin-request-log": {
      "version": "4.0.0",
      "resolved": "https://registry.npmjs.org/@octokit/plugin-request-log/-/plugin-request-log-4.0.0.tgz",
      "integrity": "sha512-2uCEU0s2OVZXgyLJKdY0i/8BcoZqpTrQJMJLePrp/zGjx7vxV4AHrQYZMAGYyQh6uhKh4i4sV0YoD0a5YE8Ew==",
      "engines": {
        "node": ">= 18"
      },
      "peerDependencies": {
        "@octokit/core": ">=5"
      }
    },
    "node_modules/@octokit/plugin-rest-endpoint-methods": {
      "version": "10.0.1",
      "resolved": "https://registry.npmjs.org/@octokit/plugin-rest-endpoint-methods/-/plugin-rest-endpoint-methods-10.0.1.tgz",
      "integrity": "sha512-fgS6HPkpLJk4kDqkue6HE7NB2AEmAKY7anGfM3s3aqQDxIflSbXmHDGzwBVekAbGHR7SQHH3ke/pEQaW8BV5w==",
      "dependencies": {
        "@octokit/types": "^12.0.0"
      },
      "engines": {
        "node": ">= 18"
      },
      "peerDependencies": {
        "@octokit/core": ">=5"
      }
    },
    "node_modules/@octokit/request": {
      "version": "8.1.4",
      "resolved": "https://registry.npmjs.org/@octokit/request/-/request-8.1.4.tgz",
      "integrity": "sha512-M0aaFfxGPypInxIhSwJ/O/MinNEQmU5dZD1vz5u6ztxqFsHc500ZSxIMbX+JdBJnKZPHsDUYu9nFOpKoc7YJoQ==",
      "dependencies": {
        "@octokit/endpoint": "^9.0.0",
        "@octokit/request-error": "^5.0.0",
        "@octokit/types": "^12.0.0",
        "universal-user-agent": "^6.0.0"
      },
      "engines": {
        "node": ">= 18"
      }
    },
    "node_modules/@octokit/request-error": {
      "version": "5.0.1",
      "resolved": "https://registry.npmjs.org/@octokit/request-error/-/request-error-5.0.1.tgz",
      "integrity": "sha512-X7pnyTMV7MgtGmiXBwmO6M5kIPrntOXdyKZLAxNmxj4pLVtTstLQ+DiMgZZ3YyHAsZGhgvzBuTalqGg2kUXZg==",
      "dependencies": {
        "@octokit/types": "^12.0.0",
        "deprecation": "^2.0.0",
        "once": "^1.4.0"
      },
      "engines": {
        "node": ">= 18"
      }
    },
    "node_modules/@octokit/rest": {
      "version": "19.0.7",
      "resolved": "https://registry.npmjs.org/@octokit/rest/-/rest-19.0.7.tgz",
      "integrity": "sha512-HRtB8puHJJTVHPQT7cL4ZZhV4z+9qKzV1RXJtxv5uTQnrWGP7jmAm0AbaqR8F/BDkE9PHpS9yGaHT6LGjh3gQ==",
      "dependencies": {
        "@octokit/core": "^4.1.0",
        "@octokit/plugin-paginate-rest": "^7.1.1",
        "@octokit/plugin-request-log": "^1.0.4",
        "@octokit/plugin-rest-endpoint-methods": "^7.1.2"
      },
      "engines": {
        "node": ">= 14"
      }
    },
    "node_modules/@octokit/rest/node_modules/@octokit/auth-token": {
      "version": "3.0.4",
      "resolved": "https://registry.npmjs.org/@octokit/auth-token/-/auth-token-3.0.4.tgz",
      "integrity": "sha512-TWFX7cZF2LXoCvdmJWY7XVPi74aSY0+FfBZvSCheRwc4fKyHQhGN7VodHFKZL2IxKwmMhQk8whyRUqcbQlN9Q==",
      "dependencies": {
        "@octokit/types": "^9.0.0"
      },
      "engines": {
        "node": ">= 14"
      }
    },
    "node_modules/@octokit/rest/node_modules/@octokit/core": {
      "version": "4.2.4",
      "resolved": "https://registry.npmjs.org/@octokit/core/-/core-4.2.4.tgz",
      "integrity": "sha512-rYKilwgzQ7/imScn3cp9uE+Kn/Ni6kLG3T3JEu8hMpIfbcHoUfrc+yKGz1UZG7JdD4XiZAHX/8EOq/K3IWV8g==",
      "dependencies": {
        "@octokit/auth-token": "^3.0.0",
        "@octokit/graphql": "^5.0.0",
        "@octokit/request": "^6.0.0",
        "@octokit/request-error": "^3.0.0",
        "@octokit/types": "^9.0.0",
        "before-after-hook": "^2.2.0",
        "universal-user-agent": "^6.0.0"
      },
      "engines": {
        "node": ">= 14"
      }
    },
    "node_modules/@octokit/rest/node_modules/@octokit/endpoint": {
      "version": "7.0.6",
      "resolved": "https://registry.npmjs.org/@octokit/endpoint/-/endpoint-7.0.6.tgz",
      "integrity": "sha512-5L4fseVRUsDFJrQ+yrJFS+LRxzHoP3QdVDhF+kCKE0uD2t9Gv/HqLhGfGYhXj4rzR77qH8eQm367d0RvQs9EA==",
      "dependencies": {
        "@octokit/types": "^9.0.0",
        "is-plain-object": "^5.0.0",
        "universal-user-agent": "^6.0.0"
      },
      "engines": {
        "node": ">= 14"
      }
    },
    "node_modules/@octokit/rest/node_modules/@octokit/graphql": {
      "version": "5.0.6",
      "resolved": "https://registry.npmjs.org/@octokit/graphql/-/graphql-5.0.6.tgz",
      "integrity": "sha512-Fxyxdy/JG3xaGF7Qgy+EUj0/GNhBYP9TyXUVkXzrBwpHKZBkPf5KwsZKxkF7GDVmvz9Nb5QNzUwSKgvR8BRLg==",
      "dependencies": {
        "@octokit/request": "^6.0.0",
        "@octokit/types": "^9.0.0",
        "universal-user-agent": "^6.0.0"
      },
      "engines": {
        "node": ">= 14"
      }
    },
    "node_modules/@octokit/rest/node_modules/@octokit/plugin-paginate-rest": {
      "version": "7.1.2",
      "resolved": "https://registry.npmjs.org/@octokit/plugin-paginate-rest/-/plugin-paginate-rest-7.1.2.tgz",
      "integrity": "sha512-yUymB22ySNISvv115VV+lMVyj/3VFRB0yQUkDytMX/1gR5pYNf60aVd2iNQNBQIYPpw1Zf6u2Ez8Iv7Ow8jgQ==",
      "dependencies": {
        "@octokit/types": "^9.0.0"
      },
      "engines": {
        "node": ">= 14"
      },
      "peerDependencies": {
        "@octokit/core": ">=4"
      }
    },
    "node_modules/@octokit/rest/node_modules/@octokit/plugin-request-log": {
      "version": "1.0.4",
      "resolved": "https://registry.npmjs.org/@octokit/plugin-request-
