{
  "name": "chatgptree-messageboard",
  "version": "1.0.0",
  "lockfileVersion": 2,
  "requires": true,
  "packages": {
    "": {
      "name": "chatgptree-messageboard",
      "version": "1.0.0",
      "dependencies": {
        "@octokit/rest": "^19.0.7",
        "node-fetch": "^2.6.1"
      }
    }
  },
  "dependencies": {
    "@octokit/rest": {
      "version": "19.0.7",
      "resolved": "https://registry.npmjs.org/@octokit/rest/-/rest-19.0.7.tgz",
      "integrity": "sha512-HRtB8puHJJTVHPQT7cL4ZZhV4z+9qKzV1RXJtxv5uTQnrWGP7jmAm0AbaqR8F/BDkE9PHpS9yGaHT6LGjh3gQ=="
    },
    "node-fetch": {
      "version": "2.6.1",
      "resolved": "https://registry.npmjs.org/node-fetch/-/node-fetch-2.6.1.tgz",
      "integrity": "sha512-V4aYg89jEoVRxRb2fJdAg8FHvI7cEyYdVAh94HH0UIK8oJxUfEL8Dy/eR2xZQj6USNHTygF1XB9A9l7F+XW/g=="
    }
  }
}
